github.com/JamesHovious/w32 v1.2.0 h1:UZWv2ea6y4Kylzs7DGXWcSCaUH+OxH8q7aCFmMUqwao=
github.com/JamesHovious/w32 v1.2.0/go.mod h1:L6LTHMKvhtpGUkIYGTo4U9PKancYKpGS/+naYtTs8Ys=
golang.org/x/sys v0.0.0-20220227234510-4e6760a101f9 h1:nhht2DYV/Sn3qOayu8lM+cU1ii9sTLUeBQwQQfUHtrs=
golang.org/x/sys v0.0.0-20220227234510-4e6760a101f9/go.mod h1:oPkhp1MJrh7nUepCBck5+mAzfO9JrbApNNgaTdGDITg=
